<?xml version="1.0" encoding="utf-8"?>
<Project ToolsVersion="4.0" xmlns="http://schemas.microsoft.com/developer/msbuild/2003">
  <ItemGroup>
    <ClCompile Include="main.cpp" />
    <ClCompile Include="..\jsoncpp\dist\jsoncpp.cpp">
      <Filter>Json</Filter>
    </ClCompile>
    <ClCompile Include="cpp\circle.cpp">
      <Filter>Additional cpp</Filter>
    </ClCompile>
    <ClCompile Include="cpp\drawable.cpp">
      <Filter>Additional cpp</Filter>
    </ClCompile>
    <ClCompile Include="cpp\picture.cpp">
      <Filter>Additional cpp</Filter>
    </ClCompile>
    <ClCompile Include="cpp\Player_Hitbox.cpp">
      <Filter>Additional cpp</Filter>
    </ClCompile>
    <ClCompile Include="cpp\portal_bullet.cpp">
      <Filter>Additional cpp</Filter>
    </ClCompile>
    <ClCompile Include="cpp\rectangle.cpp">
      <Filter>Additional cpp</Filter>
    </ClCompile>
  </ItemGroup>
  <ItemGroup>
    <Filter Include="Headers">
      <UniqueIdentifier>{06c9fbd5-7d9a-469f-9ad8-9476ae10f887}</UniqueIdentifier>
    </Filter>
    <Filter Include="Additional cpp">
      <UniqueIdentifier>{cbd1a11c-def3-46e6-be35-55f236819fa8}</UniqueIdentifier>
    </Filter>
    <Filter Include="Resources">
      <UniqueIdentifier>{19c4e993-357d-4bfa-bfc2-3e61a3ef0430}</UniqueIdentifier>
    </Filter>
    <Filter Include="Json">
      <UniqueIdentifier>{b18e9df0-96bf-43a3-abb6-bb54e94231cd}</UniqueIdentifier>
    </Filter>
    <Filter Include="img">
      <UniqueIdentifier>{a6f13395-30c9-4c16-9a80-092102e4a07f}</UniqueIdentifier>
    </Filter>
  </ItemGroup>
  <ItemGroup>
    <None Include="objects.json">
      <Filter>Resources</Filter>
    </None>
    <None Include="void.json">
      <Filter>Resources</Filter>
    </None>
  </ItemGroup>
  <ItemGroup>
    <Image Include="img\backdrop 1.png">
      <Filter>img</Filter>
    </Image>
    <Image Include="img\backdrop 2.png">
      <Filter>img</Filter>
    </Image>
    <Image Include="img\bird.jpg">
      <Filter>img</Filter>
    </Image>
    <Image Include="img\test.jpg">
      <Filter>img</Filter>
    </Image>
    <Image Include="img\test2.jpg">
      <Filter>img</Filter>
    </Image>
    <Image Include="img\test3.jpeg">
      <Filter>img</Filter>
    </Image>
    <Image Include="img\wovo idle.png">
      <Filter>img</Filter>
    </Image>
    <Image Include="img\walking4.png">
      <Filter>img</Filter>
    </Image>
    <Image Include="img\walking5.png">
      <Filter>img</Filter>
    </Image>
    <Image Include="img\walking6.png">
      <Filter>img</Filter>
    </Image>
    <Image Include="img\walking7.png">
      <Filter>img</Filter>
    </Image>
    <Image Include="img\walking1.png">
      <Filter>img</Filter>
    </Image>
    <Image Include="img\walking2.png">
      <Filter>img</Filter>
    </Image>
    <Image Include="img\walking3.png">
      <Filter>img</Filter>
    </Image>
  </ItemGroup>
  <ItemGroup>
    <ClInclude Include="headers\background_tile.hpp">
      <Filter>Headers</Filter>
    </ClInclude>
    <ClInclude Include="headers\drawables.hpp">
      <Filter>Headers</Filter>
    </ClInclude>
    <ClInclude Include="headers\factory.hpp">
      <Filter>Headers</Filter>
    </ClInclude>
    <ClInclude Include="headers\game.hpp">
      <Filter>Headers</Filter>
    </ClInclude>
    <ClInclude Include="headers\linked_portals.hpp">
      <Filter>Headers</Filter>
    </ClInclude>
    <ClInclude Include="headers\player.hpp">
      <Filter>Headers</Filter>
    </ClInclude>
    <ClInclude Include="headers\player_hitbox.hpp">
      <Filter>Headers</Filter>
    </ClInclude>
    <ClInclude Include="headers\portal_bullet.hpp">
      <Filter>Headers</Filter>
    </ClInclude>
    <ClInclude Include="headers\portal_error.hpp">
      <Filter>Headers</Filter>
    </ClInclude>
    <ClInclude Include="headers\settings.hpp">
      <Filter>Headers</Filter>
    </ClInclude>
  </ItemGroup>
</Project>