<?xml version="1.0" encoding="utf-8"?>
<Project ToolsVersion="4.0" xmlns="http://schemas.microsoft.com/developer/msbuild/2003">
  <ItemGroup>
    <ClCompile Include="main.cpp" />
    <ClCompile Include="circle.cpp">
      <Filter>Additional cpp</Filter>
    </ClCompile>
    <ClCompile Include="drawable.cpp">
      <Filter>Additional cpp</Filter>
    </ClCompile>
    <ClCompile Include="rectangle.cpp">
      <Filter>Additional cpp</Filter>
    </ClCompile>
    <ClCompile Include="picture.cpp">
      <Filter>Additional cpp</Filter>
    </ClCompile>
    <ClCompile Include="..\..\jsoncpp\dist\jsoncpp.cpp">
      <Filter>Additional cpp</Filter>
    </ClCompile>
<<<<<<< Updated upstream
    <ClCompile Include="Player_Hitbox.cpp">
=======
    <ClCompile Include="player_hitbox.cpp">
>>>>>>> Stashed changes
      <Filter>Player</Filter>
    </ClCompile>
  </ItemGroup>
  <ItemGroup>
    <ClInclude Include="drawables.hpp">
      <Filter>Headers</Filter>
    </ClInclude>
    <ClInclude Include="factory.hpp">
      <Filter>Headers</Filter>
    </ClInclude>
    <ClInclude Include="settings.hpp">
      <Filter>Settings</Filter>
    </ClInclude>
    <ClInclude Include="game.hpp">
      <Filter>Headers</Filter>
    </ClInclude>
    <ClInclude Include="player.hpp">
      <Filter>Player</Filter>
    </ClInclude>
    <ClInclude Include="player_hitbox.hpp">
      <Filter>Player</Filter>
    </ClInclude>
<<<<<<< Updated upstream
=======
    <ClInclude Include="background_tile.hpp">
      <Filter>Resources</Filter>
    </ClInclude>
>>>>>>> Stashed changes
  </ItemGroup>
  <ItemGroup>
    <Filter Include="Headers">
      <UniqueIdentifier>{06c9fbd5-7d9a-469f-9ad8-9476ae10f887}</UniqueIdentifier>
    </Filter>
    <Filter Include="Additional cpp">
      <UniqueIdentifier>{cbd1a11c-def3-46e6-be35-55f236819fa8}</UniqueIdentifier>
    </Filter>
    <Filter Include="Resources">
      <UniqueIdentifier>{19c4e993-357d-4bfa-bfc2-3e61a3ef0430}</UniqueIdentifier>
    </Filter>
    <Filter Include="Settings">
      <UniqueIdentifier>{742168d8-3140-4e58-878b-0f0938552f43}</UniqueIdentifier>
    </Filter>
    <Filter Include="Player">
      <UniqueIdentifier>{0954e303-b82e-415d-baa5-f9036ecbeb1a}</UniqueIdentifier>
    </Filter>
  </ItemGroup>
  <ItemGroup>
    <None Include="objects.json">
      <Filter>Resources</Filter>
    </None>
  </ItemGroup>
  <ItemGroup>
    <Image Include="bird.jpg" />
    <Image Include="C:\Users\Peter\Documents\Wouter sprites\wovo idle.png" />
  </ItemGroup>
</Project>